
Microsoft Visual Studio Solution File, Format Version 12.00
# Visual Studio Version 17
VisualStudioVersion = 17.7.34202.233
MinimumVisualStudioVersion = 10.0.40219.1
Project("{FAE04EC0-301F-11D3-BF4B-00C04F79EFBC}") = "ProyectoFinalEstructuras", "ProyectoFinalEstructuras\ProyectoFinalEstructuras.csproj", "{C1FA1AD9-64B2-4153-A65A-0EE60F34CAF2}"
EndProject
Global
	GlobalSection(SolutionConfigurationPlatforms) = preSolution
		Debug|Any CPU = Debug|Any CPU
		Release|Any CPU = Release|Any CPU
	EndGlobalSection
	GlobalSection(ProjectConfigurationPlatforms) = postSolution
		{C1FA1AD9-64B2-4153-A65A-0EE60F34CAF2}.Debug|Any CPU.ActiveCfg = Debug|Any CPU
		{C1FA1AD9-64B2-4153-A65A-0EE60F34CAF2}.Debug|Any CPU.Build.0 = Debug|Any CPU
		{C1FA1AD9-64B2-4153-A65A-0EE60F34CAF2}.Release|Any CPU.ActiveCfg = Release|Any CPU
		{C1FA1AD9-64B2-4153-A65A-0EE60F34CAF2}.Release|Any CPU.Build.0 = Release|Any CPU
	EndGlobalSection
	GlobalSection(SolutionProperties) = preSolution
		HideSolutionNode = FALSE
	EndGlobalSection
	GlobalSection(ExtensibilityGlobals) = postSolution
		SolutionGuid = {2C154BBB-CD5B-4886-B5E7-AF23F6209AB5}
	EndGlobalSection
EndGlobal
